
Microsoft Visual Studio Solution File, Format Version 12.00
# Visual Studio 15
VisualStudioVersion = 15.0.27703.2000
MinimumVisualStudioVersion = 10.0.40219.1
Project("{FAE04EC0-301F-11D3-BF4B-00C04F79EFBC}") = "AzFxQueryRepoLG2S", "AzFxQueryRepoLG2S\AzFxQueryRepoLG2S.csproj", "{3C576873-E6CB-4F39-8CFB-1790046CB72B}"
EndProject
Global
	GlobalSection(SolutionConfigurationPlatforms) = preSolution
		Debug|Any CPU = Debug|Any CPU
		Release|Any CPU = Release|Any CPU
	EndGlobalSection
	GlobalSection(ProjectConfigurationPlatforms) = postSolution
		{3C576873-E6CB-4F39-8CFB-1790046CB72B}.Debug|Any CPU.ActiveCfg = Debug|Any CPU
		{3C576873-E6CB-4F39-8CFB-1790046CB72B}.Debug|Any CPU.Build.0 = Debug|Any CPU
		{3C576873-E6CB-4F39-8CFB-1790046CB72B}.Release|Any CPU.ActiveCfg = Release|Any CPU
		{3C576873-E6CB-4F39-8CFB-1790046CB72B}.Release|Any CPU.Build.0 = Release|Any CPU
	EndGlobalSection
	GlobalSection(SolutionProperties) = preSolution
		HideSolutionNode = FALSE
	EndGlobalSection
	GlobalSection(ExtensibilityGlobals) = postSolution
		SolutionGuid = {E8149DDC-86F4-4E85-A217-FFCC5FF3D82D}
	EndGlobalSection
EndGlobal
